<?xml version="1.0" encoding="UTF-8"?>
<CONFIG>
  <ProjectOptions>
    <Version Value="12"/>
    <PathDelim Value="\"/>
    <General>
      <SessionStorage Value="InProjectDir"/>
      <Title Value="sgexplorer"/>
      <Scaled Value="True"/>
      <ResourceType Value="res"/>
      <UseXPManifest Value="True"/>
      <XPManifest>
        <DpiAware Value="True"/>
      </XPManifest>
    </General>
    <i18n>
      <EnableI18N Value="True"/>
    </i18n>
    <BuildModes>
      <Item Name="Default" Default="True"/>
      <Item Name="Release32">
        <CompilerOptions>
          <Version Value="11"/>
          <PathDelim Value="\"/>
          <Target>
            <Filename Value="sgexplorer"/>
          </Target>
          <SearchPaths>
            <IncludeFiles Value="$(ProjOutDir);..\TL2Save"/>
            <OtherUnitFiles Value="..\TL2Save;..\TL2DB;..\utils;..\TL2DBScan;..\TL2Lib;..\..\utils"/>
            <UnitOutputDirectory Value="lib\$(TargetCPU)-$(TargetOS)"/>
          </SearchPaths>
          <CodeGeneration>
            <SmartLinkUnit Value="True"/>
            <TargetCPU Value="i386"/>
            <TargetOS Value="win32"/>
            <Optimizations>
              <OptimizationLevel Value="3"/>
            </Optimizations>
          </CodeGeneration>
          <Linking>
            <Debugging>
              <GenerateDebugInfo Value="False"/>
            </Debugging>
            <LinkSmart Value="True"/>
            <Options>
              <Win32>
                <GraphicApplication Value="True"/>
              </Win32>
            </Options>
          </Linking>
        </CompilerOptions>
      </Item>
      <Item Name="Linux">
        <MacroValues Count="1">
          <Macro2 Name="LCLWidgetType" Value="gtk2"/>
        </MacroValues>
        <CompilerOptions>
          <Version Value="11"/>
          <PathDelim Value="\"/>
          <Target>
            <Filename Value="sgexplorer"/>
          </Target>
          <SearchPaths>
            <IncludeFiles Value="$(ProjOutDir);..\TL2Save"/>
            <Libraries Value="D:\SVN\UpLazTrunk\cross\lib\x86_64-linux\"/>
            <OtherUnitFiles Value="..\TL2Save;..\TL2DB;..\utils;..\TL2DBScan;..\TL2Lib;..\..\utils"/>
            <UnitOutputDirectory Value="lib\$(TargetCPU)-$(TargetOS)"/>
          </SearchPaths>
          <CodeGeneration>
            <SmartLinkUnit Value="True"/>
            <TargetCPU Value="x86_64"/>
            <TargetOS Value="linux"/>
            <Optimizations>
              <OptimizationLevel Value="3"/>
            </Optimizations>
          </CodeGeneration>
          <Linking>
            <Debugging>
              <GenerateDebugInfo Value="False"/>
            </Debugging>
            <LinkSmart Value="True"/>
          </Linking>
        </CompilerOptions>
      </Item>
      <Item Name="Win64">
        <CompilerOptions>
          <Version Value="11"/>
          <PathDelim Value="\"/>
          <Target>
            <Filename Value="sgexplorer"/>
          </Target>
          <SearchPaths>
            <IncludeFiles Value="$(ProjOutDir);..\TL2Save"/>
            <OtherUnitFiles Value="..\TL2Save;..\TL2DB;..\utils;..\TL2DBScan;..\TL2Lib;..\..\utils"/>
            <UnitOutputDirectory Value="lib\$(TargetCPU)-$(TargetOS)"/>
          </SearchPaths>
          <CodeGeneration>
            <SmartLinkUnit Value="True"/>
            <TargetCPU Value="x86_64"/>
            <TargetOS Value="win64"/>
            <Optimizations>
              <OptimizationLevel Value="3"/>
            </Optimizations>
          </CodeGeneration>
          <Linking>
            <Debugging>
              <GenerateDebugInfo Value="False"/>
            </Debugging>
            <LinkSmart Value="True"/>
            <Options>
              <Win32>
                <GraphicApplication Value="True"/>
              </Win32>
            </Options>
          </Linking>
        </CompilerOptions>
      </Item>
      <SharedMatrixOptions Count="3">
        <Item1 ID="078178333524" Type="IDEMacro" MacroName="LCLWidgetType" Value="win32"/>
        <Item2 ID="610419731812" Modes="Linux" Type="IDEMacro" MacroName="LCLWidgetType" Value="gtk2"/>
        <Item3 ID="002106091841" Type="IDEMacro" MacroName="LCLWidgetType" Value="gtk3"/>
      </SharedMatrixOptions>
    </BuildModes>
    <PublishOptions>
      <Version Value="2"/>
      <UseFileFilters Value="True"/>
    </PublishOptions>
    <RunParams>
      <FormatVersion Value="2"/>
    </RunParams>
    <RequiredPackages>
      <Item>
        <PackageName Value="LazControls"/>
      </Item>
      <Item>
        <PackageName Value="LCL"/>
      </Item>
    </RequiredPackages>
    <Units>
      <Unit>
        <Filename Value="sgexplorer.lpr"/>
        <IsPartOfProject Value="True"/>
      </Unit>
      <Unit>
        <Filename Value="formsavegame.pas"/>
        <IsPartOfProject Value="True"/>
        <ComponentName Value="fmSaveFile"/>
        <HasResources Value="True"/>
        <ResourceBaseClass Value="Form"/>
        <UnitName Value="formSaveGame"/>
      </Unit>
      <Unit>
        <Filename Value="formmovies.pas"/>
        <IsPartOfProject Value="True"/>
        <ComponentName Value="fmMovies"/>
        <HasResources Value="True"/>
        <ResourceBaseClass Value="Form"/>
        <UnitName Value="formMovies"/>
      </Unit>
      <Unit>
        <Filename Value="formstatistic.pas"/>
        <IsPartOfProject Value="True"/>
        <ComponentName Value="fmStatistic"/>
        <HasResources Value="True"/>
        <ResourceBaseClass Value="Form"/>
        <UnitName Value="formStatistic"/>
      </Unit>
      <Unit>
        <Filename Value="formkeybinding.pas"/>
        <IsPartOfProject Value="True"/>
        <ComponentName Value="fmKeyBinding"/>
        <HasResources Value="True"/>
        <ResourceBaseClass Value="Form"/>
        <UnitName Value="formKeyBinding"/>
      </Unit>
      <Unit>
        <Filename Value="formrecipes.pas"/>
        <IsPartOfProject Value="True"/>
        <ComponentName Value="fmRecipes"/>
        <HasResources Value="True"/>
        <ResourceBaseClass Value="Form"/>
        <UnitName Value="formRecipes"/>
      </Unit>
      <Unit>
        <Filename Value="formquests.pas"/>
        <IsPartOfProject Value="True"/>
        <ComponentName Value="fmQuests"/>
        <HasResources Value="True"/>
        <ResourceBaseClass Value="Form"/>
        <UnitName Value="formQuests"/>
      </Unit>
      <Unit>
        <Filename Value="formsettings.pas"/>
        <IsPartOfProject Value="True"/>
        <ComponentName Value="fmSettings"/>
        <HasResources Value="True"/>
        <ResourceBaseClass Value="Form"/>
        <UnitName Value="formSettings"/>
      </Unit>
      <Unit>
        <Filename Value="formchar.pas"/>
        <IsPartOfProject Value="True"/>
        <ComponentName Value="fmChar"/>
        <HasResources Value="True"/>
        <ResourceBaseClass Value="Form"/>
        <UnitName Value="formChar"/>
      </Unit>
      <Unit>
        <Filename Value="formstat.pas"/>
        <IsPartOfProject Value="True"/>
        <ComponentName Value="fmStat"/>
        <HasResources Value="True"/>
        <ResourceBaseClass Value="Form"/>
        <UnitName Value="formStat"/>
      </Unit>
      <Unit>
        <Filename Value="formmap.pas"/>
        <IsPartOfProject Value="True"/>
        <ComponentName Value="fmMap"/>
        <HasResources Value="True"/>
        <ResourceBaseClass Value="Form"/>
        <UnitName Value="formMap"/>
      </Unit>
      <Unit>
        <Filename Value="formunits.pas"/>
        <IsPartOfProject Value="True"/>
        <ComponentName Value="fmUnits"/>
        <HasResources Value="True"/>
        <ResourceBaseClass Value="Form"/>
        <UnitName Value="formUnits"/>
      </Unit>
      <Unit>
        <Filename Value="formskills.pas"/>
        <IsPartOfProject Value="True"/>
        <ComponentName Value="fmSkills"/>
        <HasResources Value="True"/>
        <ResourceBaseClass Value="Form"/>
        <UnitName Value="formSkills"/>
      </Unit>
      <Unit>
        <Filename Value="formitems.pas"/>
        <IsPartOfProject Value="True"/>
        <ComponentName Value="fmItems"/>
        <HasResources Value="True"/>
        <ResourceBaseClass Value="Form"/>
        <UnitName Value="formItems"/>
      </Unit>
      <Unit>
        <Filename Value="formbuttons.pas"/>
        <IsPartOfProject Value="True"/>
        <ComponentName Value="fmButtons"/>
        <HasResources Value="True"/>
        <ResourceBaseClass Value="Form"/>
        <UnitName Value="formButtons"/>
      </Unit>
      <Unit>
        <Filename Value="formitem.pas"/>
        <IsPartOfProject Value="True"/>
        <ComponentName Value="fmItem"/>
        <HasResources Value="True"/>
        <ResourceBaseClass Value="Form"/>
        <UnitName Value="formItem"/>
      </Unit>
      <Unit>
        <Filename Value="formeffects.pas"/>
        <IsPartOfProject Value="True"/>
        <ComponentName Value="fmEffects"/>
        <HasResources Value="True"/>
        <ResourceBaseClass Value="Form"/>
        <UnitName Value="formEffects"/>
      </Unit>
      <Unit>
        <Filename Value="addons.pas"/>
        <IsPartOfProject Value="True"/>
      </Unit>
      <Unit>
        <Filename Value="formmodlist.pas"/>
        <IsPartOfProject Value="True"/>
        <ComponentName Value="fmModList"/>
        <HasResources Value="True"/>
        <ResourceBaseClass Value="Form"/>
        <UnitName Value="formModList"/>
      </Unit>
      <Unit>
        <Filename Value="..\TL2DB\tl2db.pas"/>
        <IsPartOfProject Value="True"/>
      </Unit>
      <Unit>
        <Filename Value="..\TL2Save\tl2stats.pas"/>
        <IsPartOfProject Value="True"/>
        <UnitName Value="TL2Stats"/>
      </Unit>
      <Unit>
        <Filename Value="..\TL2Save\tl2char.pas"/>
        <IsPartOfProject Value="True"/>
        <UnitName Value="TL2Char"/>
      </Unit>
      <Unit>
        <Filename Value="..\TL2Save\tl2save.pas"/>
        <IsPartOfProject Value="True"/>
      </Unit>
      <Unit>
        <Filename Value="..\TL2Save\tl2base.pas"/>
        <IsPartOfProject Value="True"/>
        <UnitName Value="TL2Base"/>
      </Unit>
      <Unit>
        <Filename Value="..\TL2Save\tl2effects.pas"/>
        <IsPartOfProject Value="True"/>
        <UnitName Value="TL2Effects"/>
      </Unit>
      <Unit>
        <Filename Value="..\TL2Save\tl2parse.inc"/>
        <IsPartOfProject Value="True"/>
      </Unit>
      <Unit>
        <Filename Value="..\TL2Save\tl2prepare.inc"/>
        <IsPartOfProject Value="True"/>
      </Unit>
      <Unit>
        <Filename Value="..\TL2Save\tl2common.pas"/>
        <IsPartOfProject Value="True"/>
      </Unit>
      <Unit>
        <Filename Value="..\TL2Save\tl2item.pas"/>
        <IsPartOfProject Value="True"/>
        <UnitName Value="TL2Item"/>
      </Unit>
      <Unit>
        <Filename Value="..\TL2Save\tl2map.pas"/>
        <IsPartOfProject Value="True"/>
        <UnitName Value="TL2Map"/>
      </Unit>
      <Unit>
        <Filename Value="..\TL2Save\tl2quest.pas"/>
        <IsPartOfProject Value="True"/>
        <UnitName Value="TL2Quest"/>
      </Unit>
      <Unit>
        <Filename Value="..\TL2Save\tl2statistic.pas"/>
        <IsPartOfProject Value="True"/>
        <UnitName Value="TL2Statistic"/>
      </Unit>
      <Unit>
        <Filename Value="..\TL2Save\tl2active.pas"/>
        <IsPartOfProject Value="True"/>
        <UnitName Value="TL2Active"/>
      </Unit>
      <Unit>
        <Filename Value="..\TL2DBScan\unitscan.pas"/>
        <IsPartOfProject Value="True"/>
      </Unit>
      <Unit>
        <Filename Value="..\TL2Lib\rgglobal.pas"/>
        <IsPartOfProject Value="True"/>
        <UnitName Value="RGGlobal"/>
      </Unit>
      <Unit>
        <Filename Value="..\..\utils\logging.pas"/>
        <IsPartOfProject Value="True"/>
        <UnitName Value="Logging"/>
      </Unit>
    </Units>
  </ProjectOptions>
  <CompilerOptions>
    <Version Value="11"/>
    <PathDelim Value="\"/>
    <Target>
      <Filename Value="sgexplorer"/>
    </Target>
    <SearchPaths>
      <IncludeFiles Value="$(ProjOutDir);..\TL2Save"/>
      <OtherUnitFiles Value="..\TL2Save;..\TL2DB;..\TL2Lib;..\..\utils;..\TL2DBScan"/>
      <UnitOutputDirectory Value="lib\$(TargetCPU)-$(TargetOS)"/>
    </SearchPaths>
    <Linking>
      <Debugging>
        <UseExternalDbgSyms Value="True"/>
      </Debugging>
      <Options>
        <Win32>
          <GraphicApplication Value="True"/>
        </Win32>
      </Options>
    </Linking>
  </CompilerOptions>
  <Debugging>
    <Exceptions>
      <Item>
        <Name Value="EAbort"/>
      </Item>
      <Item>
        <Name Value="ECodetoolError"/>
      </Item>
      <Item>
        <Name Value="EFOpenError"/>
      </Item>
      <Item>
        <Name Value="EFOpenError,"/>
      </Item>
    </Exceptions>
  </Debugging>
</CONFIG>
