<?xml version="1.0" encoding="UTF-8"?>
<CONFIG>
  <ProjectOptions>
    <Version Value="12"/>
    <PathDelim Value="\"/>
    <General>
      <Flags>
        <MainUnitHasCreateFormStatements Value="False"/>
        <MainUnitHasTitleStatement Value="False"/>
        <MainUnitHasScaledStatement Value="False"/>
      </Flags>
      <SessionStorage Value="InProjectDir"/>
      <Title Value="tl2dump"/>
      <UseAppBundle Value="False"/>
      <ResourceType Value="res"/>
    </General>
    <BuildModes>
      <Item Name="Default" Default="True"/>
      <Item Name="Debug">
        <CompilerOptions>
          <Version Value="11"/>
          <PathDelim Value="\"/>
          <Target>
            <Filename Value="tl2dump"/>
          </Target>
          <SearchPaths>
            <IncludeFiles Value="$(ProjOutDir);."/>
            <OtherUnitFiles Value=".;..\TL2DB;..\..\utils\SQL;..\TL2Lib"/>
            <UnitOutputDirectory Value="lib\$(TargetCPU)-$(TargetOS)"/>
          </SearchPaths>
          <Parsing>
            <SyntaxOptions>
              <IncludeAssertionCode Value="True"/>
            </SyntaxOptions>
          </Parsing>
          <CodeGeneration>
            <Checks>
              <IOChecks Value="True"/>
              <RangeChecks Value="True"/>
              <OverflowChecks Value="True"/>
              <StackChecks Value="True"/>
            </Checks>
            <VerifyObjMethodCallValidity Value="True"/>
            <Optimizations>
              <OptimizationLevel Value="0"/>
            </Optimizations>
          </CodeGeneration>
          <Linking>
            <Debugging>
              <DebugInfoType Value="dsDwarf2Set"/>
              <UseHeaptrc Value="True"/>
              <TrashVariables Value="True"/>
            </Debugging>
          </Linking>
        </CompilerOptions>
      </Item>
      <Item Name="Release">
        <CompilerOptions>
          <Version Value="11"/>
          <PathDelim Value="\"/>
          <Target>
            <Filename Value="tl2dump"/>
          </Target>
          <SearchPaths>
            <IncludeFiles Value="$(ProjOutDir);."/>
            <OtherUnitFiles Value=".;..\TL2DB;..\..\utils\SQL;..\TL2Lib"/>
            <UnitOutputDirectory Value="lib\$(TargetCPU)-$(TargetOS)"/>
          </SearchPaths>
          <CodeGeneration>
            <SmartLinkUnit Value="True"/>
            <Optimizations>
              <OptimizationLevel Value="3"/>
            </Optimizations>
          </CodeGeneration>
          <Linking>
            <Debugging>
              <GenerateDebugInfo Value="False"/>
            </Debugging>
            <LinkSmart Value="True"/>
          </Linking>
        </CompilerOptions>
      </Item>
    </BuildModes>
    <PublishOptions>
      <Version Value="2"/>
      <UseFileFilters Value="True"/>
    </PublishOptions>
    <RunParams>
      <FormatVersion Value="2"/>
    </RunParams>
    <Units>
      <Unit>
        <Filename Value="tl2dump.lpr"/>
        <IsPartOfProject Value="True"/>
      </Unit>
      <Unit>
        <Filename Value="tl2save.pas"/>
        <IsPartOfProject Value="True"/>
      </Unit>
      <Unit>
        <Filename Value="..\TL2DB\tl2db.pas"/>
        <IsPartOfProject Value="True"/>
      </Unit>
      <Unit>
        <Filename Value="..\..\utils\SQL\awkSQLite3.pas"/>
        <IsPartOfProject Value="True"/>
      </Unit>
      <Unit>
        <Filename Value="tl2char.pas"/>
        <IsPartOfProject Value="True"/>
        <UnitName Value="TL2Char"/>
      </Unit>
      <Unit>
        <Filename Value="tl2common.pas"/>
        <IsPartOfProject Value="True"/>
        <UnitName Value="TL2Common"/>
      </Unit>
      <Unit>
        <Filename Value="tl2item.pas"/>
        <IsPartOfProject Value="True"/>
        <UnitName Value="TL2Item"/>
      </Unit>
      <Unit>
        <Filename Value="tl2map.pas"/>
        <IsPartOfProject Value="True"/>
        <UnitName Value="TL2Map"/>
      </Unit>
      <Unit>
        <Filename Value="tl2effects.pas"/>
        <IsPartOfProject Value="True"/>
        <UnitName Value="TL2Effects"/>
      </Unit>
      <Unit>
        <Filename Value="tl2quest.pas"/>
        <IsPartOfProject Value="True"/>
        <UnitName Value="TL2Quest"/>
      </Unit>
      <Unit>
        <Filename Value="..\TL2Lib\tl2types.pas"/>
        <IsPartOfProject Value="True"/>
      </Unit>
      <Unit>
        <Filename Value="tl2parse.inc"/>
        <IsPartOfProject Value="True"/>
      </Unit>
      <Unit>
        <Filename Value="tl2prepare.inc"/>
        <IsPartOfProject Value="True"/>
      </Unit>
    </Units>
  </ProjectOptions>
  <CompilerOptions>
    <Version Value="11"/>
    <PathDelim Value="\"/>
    <Target>
      <Filename Value="tl2dump"/>
    </Target>
    <SearchPaths>
      <IncludeFiles Value="$(ProjOutDir);."/>
      <OtherUnitFiles Value=".;..\TL2DB;..\..\utils\SQL;..\TL2Lib"/>
      <UnitOutputDirectory Value="lib\$(TargetCPU)-$(TargetOS)"/>
    </SearchPaths>
  </CompilerOptions>
  <Debugging>
    <Exceptions>
      <Item>
        <Name Value="EAbort"/>
      </Item>
      <Item>
        <Name Value="ECodetoolError"/>
      </Item>
      <Item>
        <Name Value="EFOpenError"/>
      </Item>
    </Exceptions>
  </Debugging>
</CONFIG>
